{
  "name": "hapijs-mongoose-restapi",
  "version": "2.0.0",
  "lockfileVersion": 1,
  "requires": true,
  "dependencies": {
    "@hapi/accept": {
      "version": "3.2.3",
      "resolved": "https://registry.npmjs.org/@hapi/accept/-/accept-3.2.3.tgz",
      "integrity": "sha512-qEzsOJkCAJZxwj3iF83bSG9Lxy8Bpbrt8mRLNdvSALT6vlU2cYh6ZEHKEZPy4h/Mo31Su3j0rJgFF91+W1RWDQ==",
      "requires": {
        "@hapi/boom": "7.x.x",
        "@hapi/hoek": "8.x.x"
      }
    },
    "@hapi/address": {
      "version": "2.1.2",
      "resolved": "https://registry.npmjs.org/@hapi/address/-/address-2.1.2.tgz",
      "integrity": "sha512-O4QDrx+JoGKZc6aN64L04vqa7e41tIiLU+OvKdcYaEMP97UttL0f9GIi9/0A4WAMx0uBd6SidDIhktZhgOcN8Q=="
    },
    "@hapi/ammo": {
      "version": "3.1.1",
      "resolved": "https://registry.npmjs.org/@hapi/ammo/-/ammo-3.1.1.tgz",
      "integrity": "sha512-NYFK27VSPGyQ/KmOQedpQH4PSjE7awLntepX68vrYtRvuJO21W1kX0bK2p3C+6ltUwtCQSvmNT8a4uMVAysC6Q==",
      "requires": {
        "@hapi/hoek": "8.x.x"
      }
    },
    "@hapi/b64": {
      "version": "4.2.1",
      "resolved": "https://registry.npmjs.org/@hapi/b64/-/b64-4.2.1.tgz",
      "integrity": "sha512-zqHpQuH5CBMw6hADzKfU/IGNrxq1Q+/wTYV+OiZRQN9F3tMyk+9BUMeBvFRMamduuqL8iSp62QAnJ+7ATiYLWA==",
      "requires": {
        "@hapi/hoek": "8.x.x"
      }
    },
    "@hapi/boom": {
      "version": "7.4.11",
      "resolved": "https://registry.npmjs.org/@hapi/boom/-/boom-7.4.11.tgz",
      "integrity": "sha512-VSU/Cnj1DXouukYxxkes4nNJonCnlogHvIff1v1RVoN4xzkKhMXX+GRmb3NyH1iar10I9WFPDv2JPwfH3GaV0A==",
      "requires": {
        "@hapi/hoek": "8.x.x"
      }
    },
    "@hapi/bounce": {
      "version": "1.3.1",
      "resolved": "https://registry.npmjs.org/@hapi/bounce/-/bounce-1.3.1.tgz",
      "integrity": "sha512-/ecFQTRBom2MEbjMHvKKE6FZ/e1gYK72CeUIFzz++dKK1kYJ0KbRJ72mXroWoTT2hIv+8H0ua/eOkO0+hRdHcw==",
      "requires": {
        "@hapi/boom": "7.x.x",
        "@hapi/hoek": "8.x.x"
      }
    },
    "@hapi/bourne": {
      "version": "1.3.2",
      "resolved": "https://registry.npmjs.org/@hapi/bourne/-/bourne-1.3.2.tgz",
      "integrity": "sha512-1dVNHT76Uu5N3eJNTYcvxee+jzX4Z9lfciqRRHCU27ihbUcYi+iSc2iml5Ke1LXe1SyJCLA0+14Jh4tXJgOppA=="
    },
    "@hapi/call": {
      "version": "5.1.1",
      "resolved": "https://registry.npmjs.org/@hapi/call/-/call-5.1.1.tgz",
      "integrity": "sha512-M6fC+9+K/ZB4hIdVQ8i0kc/6J5PWlW3PEWYKAAZpw0sk+28LiRTSF8BjOWwmiIjZWWs42AnEIiFJA0YrvcDnlw==",
      "requires": {
        "@hapi/boom": "7.x.x",
        "@hapi/hoek": "8.x.x"
      }
    },
    "@hapi/catbox": {
      "version": "10.2.3",
      "resolved": "https://registry.npmjs.org/@hapi/catbox/-/catbox-10.2.3.tgz",
      "integrity": "sha512-kN9hXO4NYyOHW09CXiuj5qW1syc/0XeVOBsNNk0Tz89wWNQE5h21WF+VsfAw3uFR8swn/Wj3YEVBnWqo82m/JQ==",
      "requires": {
        "@hapi/boom": "7.x.x",
        "@hapi/hoek": "8.x.x",
        "@hapi/joi": "16.x.x",
        "@hapi/podium": "3.x.x"
      },
      "dependencies": {
        "@hapi/joi": {
          "version": "16.1.7",
          "resolved": "https://registry.npmjs.org/@hapi/joi/-/joi-16.1.7.tgz",
          "integrity": "sha512-anaIgnZhNooG3LJLrTFzgGALTiO97zRA1UkvQHm9KxxoSiIzCozB3RCNCpDnfhTJD72QlrHA8nwGmNgpFFCIeg==",
          "requires": {
            "@hapi/address": "^2.1.2",
            "@hapi/formula": "^1.2.0",
            "@hapi/hoek": "^8.2.4",
            "@hapi/pinpoint": "^1.0.2",
            "@hapi/topo": "^3.1.3"
          }
        }
      }
    },
    "@hapi/catbox-memory": {
      "version": "4.1.1",
      "resolved": "https://registry.npmjs.org/@hapi/catbox-memory/-/catbox-memory-4.1.1.tgz",
      "integrity": "sha512-T6Hdy8DExzG0jY7C8yYWZB4XHfc0v+p1EGkwxl2HoaPYAmW7I3E59M/IvmSVpis8RPcIoBp41ZpO2aZPBpM2Ww==",
      "requires": {
        "@hapi/boom": "7.x.x",
        "@hapi/hoek": "8.x.x"
      }
    },
    "@hapi/content": {
      "version": "4.1.0",
      "resolved": "https://registry.npmjs.org/@hapi/content/-/content-4.1.0.tgz",
      "integrity": "sha512-hv2Czsl49hnWDEfRZOFow/BmYbKyfEknmk3k83gOp6moFn5ceHB4xVcna8OwsGfy8dxO81lhpPy+JgQEaU4SWw==",
      "requires": {
        "@hapi/boom": "7.x.x"
      }
    },
    "@hapi/cryptiles": {
      "version": "4.2.1",
      "resolved": "https://registry.npmjs.org/@hapi/cryptiles/-/cryptiles-4.2.1.tgz",
      "integrity": "sha512-XoqgKsHK0l/VpqPs+tr6j6vE+VQ3+2bkF2stvttmc7xAOf1oSAwHcJ0tlp/6MxMysktt1IEY0Csy3khKaP9/uQ==",
      "requires": {
        "@hapi/boom": "7.x.x"
      }
    },
    "@hapi/file": {
      "version": "1.0.0",
      "resolved": "https://registry.npmjs.org/@hapi/file/-/file-1.0.0.tgz",
      "integrity": "sha512-Bsfp/+1Gyf70eGtnIgmScvrH8sSypO3TcK3Zf0QdHnzn/ACnAkI6KLtGACmNRPEzzIy+W7aJX5E+1fc9GwIABQ=="
    },
    "@hapi/formula": {
      "version": "1.2.0",
      "resolved": "https://registry.npmjs.org/@hapi/formula/-/formula-1.2.0.tgz",
      "integrity": "sha512-UFbtbGPjstz0eWHb+ga/GM3Z9EzqKXFWIbSOFURU0A/Gku0Bky4bCk9/h//K2Xr3IrCfjFNhMm4jyZ5dbCewGA=="
    },
    "@hapi/hapi": {
      "version": "18.4.0",
      "resolved": "https://registry.npmjs.org/@hapi/hapi/-/hapi-18.4.0.tgz",
      "integrity": "sha512-uk9zqknRLcNVQKgrPURm85DqkdroWP8eDRekh/IPoKvC4VjdZSn6EH2eUriOwyud/CldeBS3HDIJ/PtRj3VxDQ==",
      "requires": {
        "@hapi/accept": "3.x.x",
        "@hapi/ammo": "3.x.x",
        "@hapi/boom": "7.x.x",
        "@hapi/bounce": "1.x.x",
        "@hapi/call": "5.x.x",
        "@hapi/catbox": "10.x.x",
        "@hapi/catbox-memory": "4.x.x",
        "@hapi/heavy": "6.x.x",
        "@hapi/hoek": "8.x.x",
        "@hapi/joi": "15.x.x",
        "@hapi/mimos": "4.x.x",
        "@hapi/podium": "3.x.x",
        "@hapi/shot": "4.x.x",
        "@hapi/somever": "2.x.x",
        "@hapi/statehood": "6.x.x",
        "@hapi/subtext": "6.x.x",
        "@hapi/teamwork": "3.x.x",
        "@hapi/topo": "3.x.x"
      }
    },
    "@hapi/heavy": {
      "version": "6.2.2",
      "resolved": "https://registry.npmjs.org/@hapi/heavy/-/heavy-6.2.2.tgz",
      "integrity": "sha512-PY1dCCO6dsze7RlafIRhTaGeyTgVe49A/lSkxbhKGjQ7x46o/OFf7hLiRqTCDh3atcEKf6362EaB3+kTUbCsVA==",
      "requires": {
        "@hapi/boom": "7.x.x",
        "@hapi/hoek": "8.x.x",
        "@hapi/joi": "16.x.x"
      },
      "dependencies": {
        "@hapi/joi": {
          "version": "16.1.7",
          "resolved": "https://registry.npmjs.org/@hapi/joi/-/joi-16.1.7.tgz",
          "integrity": "sha512-anaIgnZhNooG3LJLrTFzgGALTiO97zRA1UkvQHm9KxxoSiIzCozB3RCNCpDnfhTJD72QlrHA8nwGmNgpFFCIeg==",
          "requires": {
            "@hapi/address": "^2.1.2",
            "@hapi/formula": "^1.2.0",
            "@hapi/hoek": "^8.2.4",
            "@hapi/pinpoint": "^1.0.2",
            "@hapi/topo": "^3.1.3"
          }
        }
      }
    },
    "@hapi/hoek": {
      "version": "8.3.0",
      "resolved": "https://registry.npmjs.org/@hapi/hoek/-/hoek-8.3.0.tgz",
      "integrity": "sha512-C0QL9bmgUXTSuf8nDeGrpMjtJG7tPUr8wG6/wxPbP62tGwCwQtdMSJYfESowmY4P3Hn593f+8OzNY5bckcu/LQ=="
    },
    "@hapi/iron": {
      "version": "5.1.4",
      "resolved": "https://registry.npmjs.org/@hapi/iron/-/iron-5.1.4.tgz",
      "integrity": "sha512-+ElC+OCiwWLjlJBmm8ZEWjlfzTMQTdgPnU/TsoU5QsktspIWmWi9IU4kU83nH+X/SSya8TP8h8P11Wr5L7dkQQ==",
      "requires": {
        "@hapi/b64": "4.x.x",
        "@hapi/boom": "7.x.x",
        "@hapi/bourne": "1.x.x",
        "@hapi/cryptiles": "4.x.x",
        "@hapi/hoek": "8.x.x"
      }
    },
    "@hapi/joi": {
      "version": "15.1.1",
      "resolved": "https://registry.npmjs.org/@hapi/joi/-/joi-15.1.1.tgz",
      "integrity": "sha512-entf8ZMOK8sc+8YfeOlM8pCfg3b5+WZIKBfUaaJT8UsjAAPjartzxIYm3TIbjvA4u+u++KbcXD38k682nVHDAQ==",
      "requires": {
        "@hapi/address": "2.x.x",
        "@hapi/bourne": "1.x.x",
        "@hapi/hoek": "8.x.x",
        "@hapi/topo": "3.x.x"
      }
    },
    "@hapi/mimos": {
      "version": "4.1.1",
      "resolved": "https://registry.npmjs.org/@hapi/mimos/-/mimos-4.1.1.tgz",
      "integrity": "sha512-CXoi/zfcTWfKYX756eEea8rXJRIb9sR4d7VwyAH9d3BkDyNgAesZxvqIdm55npQc6S9mU3FExinMAQVlIkz0eA==",
      "requires": {
        "@hapi/hoek": "8.x.x",
        "mime-db": "1.x.x"
      }
    },
    "@hapi/nigel": {
      "version": "3.1.1",
      "resolved": "https://registry.npmjs.org/@hapi/nigel/-/nigel-3.1.1.tgz",
      "integrity": "sha512-R9YWx4S8yu0gcCBrMUDCiEFm1SQT895dMlYoeNBp8I6YhF1BFF1iYPueKA2Kkp9BvyHdjmvrxCOns7GMmpl+Fw==",
      "requires": {
        "@hapi/hoek": "8.x.x",
        "@hapi/vise": "3.x.x"
      }
    },
    "@hapi/pez": {
      "version": "4.1.1",
      "resolved": "https://registry.npmjs.org/@hapi/pez/-/pez-4.1.1.tgz",
      "integrity": "sha512-TUa2C7Xk6J69HWrm+Ad+O6dFvdVAG0BiFUYaRsmkdWjFIfwHBCaOI1dWT/juNukSb39Lj6/mDVyjN+H4nKB3xg==",
      "requires": {
        "@hapi/b64": "4.x.x",
        "@hapi/boom": "7.x.x",
        "@hapi/content": "4.x.x",
        "@hapi/hoek": "8.x.x",
        "@hapi/nigel": "3.x.x"
      }
    },
    "@hapi/pinpoint": {
      "version": "1.0.2",
      "resolved": "https://registry.npmjs.org/@hapi/pinpoint/-/pinpoint-1.0.2.tgz",
      "integrity": "sha512-dtXC/WkZBfC5vxscazuiJ6iq4j9oNx1SHknmIr8hofarpKUZKmlUVYVIhNVzIEgK5Wrc4GMHL5lZtt1uS2flmQ=="
    },
    "@hapi/podium": {
      "version": "3.4.2",
      "resolved": "https://registry.npmjs.org/@hapi/podium/-/podium-3.4.2.tgz",
      "integrity": "sha512-g9zlAkRL2uDlnEo64xzEhFLblf4fdL5Z6evAO0wJhdxEvokI/+6ryv7k6uhND481LiLzQz8qTtPYMuhH1hichw==",
      "requires": {
        "@hapi/hoek": "8.x.x",
        "@hapi/joi": "16.x.x"
      },
      "dependencies": {
        "@hapi/joi": {
          "version": "16.1.7",
          "resolved": "https://registry.npmjs.org/@hapi/joi/-/joi-16.1.7.tgz",
          "integrity": "sha512-anaIgnZhNooG3LJLrTFzgGALTiO97zRA1UkvQHm9KxxoSiIzCozB3RCNCpDnfhTJD72QlrHA8nwGmNgpFFCIeg==",
          "requires": {
            "@hapi/address": "^2.1.2",
            "@hapi/formula": "^1.2.0",
            "@hapi/hoek": "^8.2.4",
            "@hapi/pinpoint": "^1.0.2",
            "@hapi/topo": "^3.1.3"
          }
        }
      }
    },
    "@hapi/shot": {
      "version": "4.1.2",
      "resolved": "https://registry.npmjs.org/@hapi/shot/-/shot-4.1.2.tgz",
      "integrity": "sha512-6LeHLjvsq/bQ0R+fhEyr7mqExRGguNTrxFZf5DyKe3CK6pNabiGgYO4JVFaRrLZ3JyuhkS0fo8iiRE2Ql2oA/A==",
      "requires": {
        "@hapi/hoek": "8.x.x",
        "@hapi/joi": "16.x.x"
      },
      "dependencies": {
        "@hapi/joi": {
          "version": "16.1.7",
          "resolved": "https://registry.npmjs.org/@hapi/joi/-/joi-16.1.7.tgz",
          "integrity": "sha512-anaIgnZhNooG3LJLrTFzgGALTiO97zRA1UkvQHm9KxxoSiIzCozB3RCNCpDnfhTJD72QlrHA8nwGmNgpFFCIeg==",
          "requires": {
            "@hapi/address": "^2.1.2",
            "@hapi/formula": "^1.2.0",
            "@hapi/hoek": "^8.2.4",
            "@hapi/pinpoint": "^1.0.2",
            "@hapi/topo": "^3.1.3"
          }
        }
      }
    },
    "@hapi/somever": {
      "version": "2.1.1",
      "resolved": "https://registry.npmjs.org/@hapi/somever/-/somever-2.1.1.tgz",
      "integrity": "sha512-cic5Sto4KGd9B0oQSdKTokju+rYhCbdpzbMb0EBnrH5Oc1z048hY8PaZ1lx2vBD7I/XIfTQVQetBH57fU51XRA==",
      "requires": {
        "@hapi/bounce": "1.x.x",
        "@hapi/hoek": "8.x.x"
      }
    },
    "@hapi/statehood": {
      "version": "6.1.2",
      "resolved": "https://registry.npmjs.org/@hapi/statehood/-/statehood-6.1.2.tgz",
      "integrity": "sha512-pYXw1x6npz/UfmtcpUhuMvdK5kuOGTKcJNfLqdNptzietK2UZH5RzNJSlv5bDHeSmordFM3kGItcuQWX2lj2nQ==",
      "requires": {
        "@hapi/boom": "7.x.x",
        "@hapi/bounce": "1.x.x",
        "@hapi/bourne": "1.x.x",
        "@hapi/cryptiles": "4.x.x",
        "@hapi/hoek": "8.x.x",
        "@hapi/iron": "5.x.x",
        "@hapi/joi": "16.x.x"
      },
      "dependencies": {
        "@hapi/joi": {
          "version": "16.1.7",
          "resolved": "https://registry.npmjs.org/@hapi/joi/-/joi-16.1.7.tgz",
          "integrity": "sha512-anaIgnZhNooG3LJLrTFzgGALTiO97zRA1UkvQHm9KxxoSiIzCozB3RCNCpDnfhTJD72QlrHA8nwGmNgpFFCIeg==",
          "requires": {
            "@hapi/address": "^2.1.2",
            "@hapi/formula": "^1.2.0",
            "@hapi/hoek": "^8.2.4",
            "@hapi/pinpoint": "^1.0.2",
            "@hapi/topo": "^3.1.3"
          }
        }
      }
    },
    "@hapi/subtext": {
      "version": "6.1.2",
      "resolved": "https://registry.npmjs.org/@hapi/subtext/-/subtext-6.1.2.tgz",
      "integrity": "sha512-G1kqD1E2QdxpvpL26WieIyo3z0qCa/sAGSa2TJI/PYPWCR9rL0rqFvhWY774xPZ4uK1PV3TIaJcx8AruAvxclg==",
      "requires": {
        "@hapi/boom": "7.x.x",
        "@hapi/bourne": "1.x.x",
        "@hapi/content": "4.x.x",
        "@hapi/file": "1.x.x",
        "@hapi/hoek": "8.x.x",
        "@hapi/pez": "4.x.x",
        "@hapi/wreck": "15.x.x"
      }
    },
    "@hapi/teamwork": {
      "version": "3.3.1",
      "resolved": "https://registry.npmjs.org/@hapi/teamwork/-/teamwork-3.3.1.tgz",
      "integrity": "sha512-61tiqWCYvMKP7fCTXy0M4VE6uNIwA0qvgFoiDubgfj7uqJ0fdHJFQNnVPGrxhLWlwz0uBPWrQlBH7r8y9vFITQ=="
    },
    "@hapi/topo": {
      "version": "3.1.5",
      "resolved": "https://registry.npmjs.org/@hapi/topo/-/topo-3.1.5.tgz",
      "integrity": "sha512-bi9m1jrui9LlvtVdLaHv0DqeOoe+I8dep+nEcTgW6XxJHL3xArQcilYz3tIp0cRC4gWlsVtABK7vNKg4jzEmAA==",
      "requires": {
        "@hapi/hoek": "8.x.x"
      }
    },
    "@hapi/vise": {
      "version": "3.1.1",
      "resolved": "https://registry.npmjs.org/@hapi/vise/-/vise-3.1.1.tgz",
      "integrity": "sha512-OXarbiCSadvtg+bSdVPqu31Z1JoBL+FwNYz3cYoBKQ5xq1/Cr4A3IkGpAZbAuxU5y4NL5pZFZG3d2a3ZGm/dOQ==",
      "requires": {
        "@hapi/hoek": "8.x.x"
      }
    },
    "@hapi/wreck": {
      "version": "15.1.0",
      "resolved": "https://registry.npmjs.org/@hapi/wreck/-/wreck-15.1.0.tgz",
      "integrity": "sha512-tQczYRTTeYBmvhsek/D49En/5khcShaBEmzrAaDjMrFXKJRuF8xA8+tlq1ETLBFwGd6Do6g2OC74rt11kzawzg==",
      "requires": {
        "@hapi/boom": "7.x.x",
        "@hapi/bourne": "1.x.x",
        "@hapi/hoek": "8.x.x"
      }
    },
    "@types/node": {
      "version": "16.7.10",
      "resolved": "https://registry.npmjs.org/@types/node/-/node-16.7.10.tgz",
      "integrity": "sha512-S63Dlv4zIPb8x6MMTgDq5WWRJQe56iBEY0O3SOFA9JrRienkOVDXSXBjjJw6HTNQYSE2JI6GMCR6LVbIMHJVvA=="
    },
    "@types/webidl-conversions": {
      "version": "6.1.1",
      "resolved": "https://registry.npmjs.org/@types/webidl-conversions/-/webidl-conversions-6.1.1.tgz",
      "integrity": "sha512-XAahCdThVuCFDQLT7R7Pk/vqeObFNL3YqRyFZg+AqAP/W1/w3xHaIxuW7WszQqTbIBOPRcItYJIou3i/mppu3Q=="
    },
    "@types/whatwg-url": {
      "version": "8.2.1",
      "resolved": "https://registry.npmjs.org/@types/whatwg-url/-/whatwg-url-8.2.1.tgz",
      "integrity": "sha512-2YubE1sjj5ifxievI5Ge1sckb9k/Er66HyR2c+3+I6VDUUg1TLPdYYTEbQ+DjRkS4nTxMJhgWfSfMRD2sl2EYQ==",
      "requires": {
        "@types/node": "*",
        "@types/webidl-conversions": "*"
      }
    },
    "base64-js": {
      "version": "1.5.1",
      "resolved": "https://registry.npmjs.org/base64-js/-/base64-js-1.5.1.tgz",
      "integrity": "sha512-AKpaYlHn8t4SVbOHCy+b5+KKgvR4vrsD8vbvrbiQJps7fKDTkjkDry6ji0rUJjC0kzbNePLwzxq8iypo41qeWA=="
    },
    "bson": {
      "version": "4.5.1",
      "resolved": "https://registry.npmjs.org/bson/-/bson-4.5.1.tgz",
      "integrity": "sha512-XqFP74pbTVLyLy5KFxVfTUyRrC1mgOlmu/iXHfXqfCKT59jyP9lwbotGfbN59cHBRbJSamZNkrSopjv+N0SqAA==",
      "requires": {
        "buffer": "^5.6.0"
      }
    },
    "buffer": {
      "version": "5.7.1",
      "resolved": "https://registry.npmjs.org/buffer/-/buffer-5.7.1.tgz",
      "integrity": "sha512-EHcyIPBQ4BSGlvjB16k5KgAJ27CIsHY/2JBmCRReo48y9rQ3MaUzWX3KVlBa4U7MyX02HdVj0K7C3WaB3ju7FQ==",
      "requires": {
        "base64-js": "^1.3.1",
        "ieee754": "^1.1.13"
      }
    },
    "debug": {
      "version": "4.3.2",
      "resolved": "https://registry.npmjs.org/debug/-/debug-4.3.2.tgz",
      "integrity": "sha512-mOp8wKcvj7XxC78zLgw/ZA+6TSgkoE2C/ienthhRD298T7UNwAg9diBpLRxC0mOezLl4B0xV7M0cCO6P/O0Xhw==",
      "requires": {
        "ms": "2.1.2"
      }
    },
    "denque": {
      "version": "1.5.1",
      "resolved": "https://registry.npmjs.org/denque/-/denque-1.5.1.tgz",
      "integrity": "sha512-XwE+iZ4D6ZUB7mfYRMb5wByE8L74HCn30FBN7sWnXksWc1LO1bPDl67pBR9o/kC4z/xSNAwkMYcGgqDV3BE3Hw=="
    },
    "ieee754": {
      "version": "1.2.1",
      "resolved": "https://registry.npmjs.org/ieee754/-/ieee754-1.2.1.tgz",
      "integrity": "sha512-dcyqhDvX1C46lXZcVqCpK+FtMRQVdIMN6/Df5js2zouUsqG7I6sFxitIC+7KYK29KdXOLHdu9zL4sFnoVQnqaA=="
    },
    "kareem": {
      "version": "2.3.2",
      "resolved": "https://registry.npmjs.org/kareem/-/kareem-2.3.2.tgz",
      "integrity": "sha512-STHz9P7X2L4Kwn72fA4rGyqyXdmrMSdxqHx9IXon/FXluXieaFA6KJ2upcHAHxQPQ0LeM/OjLrhFxifHewOALQ=="
    },
    "memory-pager": {
      "version": "1.5.0",
      "resolved": "https://registry.npmjs.org/memory-pager/-/memory-pager-1.5.0.tgz",
      "integrity": "sha512-ZS4Bp4r/Zoeq6+NLJpP+0Zzm0pR8whtGPf1XExKLJBAczGMnSi3It14OiNCStjQjM6NU1okjQGSxgEZN8eBYKg==",
      "optional": true
    },
    "mime-db": {
      "version": "1.37.0",
      "resolved": "https://registry.npmjs.org/mime-db/-/mime-db-1.37.0.tgz",
      "integrity": "sha512-R3C4db6bgQhlIhPU48fUtdVmKnflq+hRdad7IyKhtFj06VPNVdk2RhiYL3UjQIlso8L+YxAtFkobT0VK+S/ybg=="
    },
    "mongodb": {
      "version": "4.1.1",
      "resolved": "https://registry.npmjs.org/mongodb/-/mongodb-4.1.1.tgz",
      "integrity": "sha512-fbACrWEyvr6yl0sSiCGV0sqEiBwTtDJ8iSojmkDjAfw9JnOZSAkUyv9seFSPYhPPKwxp1PDtyjvBNfMDz0WBLQ==",
      "requires": {
        "bson": "^4.5.1",
        "denque": "^1.5.0",
        "mongodb-connection-string-url": "^2.0.0",
        "saslprep": "^1.0.0"
      }
    },
    "mongodb-connection-string-url": {
      "version": "2.0.0",
      "resolved": "https://registry.npmjs.org/mongodb-connection-string-url/-/mongodb-connection-string-url-2.0.0.tgz",
      "integrity": "sha512-M0I1vyLoq5+HQTuPSJWbt+hIXsMCfE8sS1fS5mvP9R2DOMoi2ZD32yWqgBIITyu0dFu4qtS50erxKjvUeBiyog==",
      "requires": {
        "@types/whatwg-url": "^8.2.1",
        "whatwg-url": "^9.1.0"
      }
    },
    "mongoose": {
      "version": "6.0.4",
      "resolved": "https://registry.npmjs.org/mongoose/-/mongoose-6.0.4.tgz",
      "integrity": "sha512-tkbyaGXj1gtIpsIBfp5fqWPzqL36nHfS0x4ykk0H9vHgSWXPvhzabtrs7c94li6Iqv13hTKXXQ4Q09o+mxIONw==",
      "requires": {
        "bson": "^4.2.2",
        "kareem": "2.3.2",
        "mongodb": "4.1.1",
        "mpath": "0.8.4",
        "mquery": "4.0.0",
        "ms": "2.1.2",
        "regexp-clone": "1.0.0",
        "sift": "13.5.2",
        "sliced": "1.0.1"
      }
    },
    "mpath": {
      "version": "0.8.4",
      "resolved": "https://registry.npmjs.org/mpath/-/mpath-0.8.4.tgz",
      "integrity": "sha512-DTxNZomBcTWlrMW76jy1wvV37X/cNNxPW1y2Jzd4DZkAaC5ZGsm8bfGfNOthcDuRJujXLqiuS6o3Tpy0JEoh7g=="
    },
    "mquery": {
      "version": "4.0.0",
      "resolved": "https://registry.npmjs.org/mquery/-/mquery-4.0.0.tgz",
      "integrity": "sha512-nGjm89lHja+T/b8cybAby6H0YgA4qYC/lx6UlwvHGqvTq8bDaNeCwl1sY8uRELrNbVWJzIihxVd+vphGGn1vBw==",
      "requires": {
        "debug": "4.x",
        "regexp-clone": "^1.0.0",
        "sliced": "1.0.1"
      }
    },
    "ms": {
      "version": "2.1.2",
      "resolved": "https://registry.npmjs.org/ms/-/ms-2.1.2.tgz",
      "integrity": "sha512-sGkPx+VjMtmA6MX27oA4FBFELFCZZ4S4XqeGOXCv68tT+jb3vk/RyaKWP0PTKyWtmLSM0b+adUTEvbs1PEaH2w=="
    },
    "punycode": {
      "version": "2.1.1",
      "resolved": "https://registry.npmjs.org/punycode/-/punycode-2.1.1.tgz",
      "integrity": "sha512-XRsRjdf+j5ml+y/6GKHPZbrF/8p2Yga0JPtdqTIY2Xe5ohJPD9saDJJLPvp9+NSBprVvevdXZybnj2cv8OEd0A=="
    },
    "regexp-clone": {
      "version": "1.0.0",
      "resolved": "https://registry.npmjs.org/regexp-clone/-/regexp-clone-1.0.0.tgz",
      "integrity": "sha512-TuAasHQNamyyJ2hb97IuBEif4qBHGjPHBS64sZwytpLEqtBQ1gPJTnOaQ6qmpET16cK14kkjbazl6+p0RRv0yw=="
    },
    "saslprep": {
      "version": "1.0.3",
      "resolved": "https://registry.npmjs.org/saslprep/-/saslprep-1.0.3.tgz",
      "integrity": "sha512-/MY/PEMbk2SuY5sScONwhUDsV2p77Znkb/q3nSVstq/yQzYJOH/Azh29p9oJLsl3LnQwSvZDKagDGBsBwSooag==",
      "optional": true,
      "requires": {
        "sparse-bitfield": "^3.0.3"
      }
    },
    "sift": {
      "version": "13.5.2",
      "resolved": "https://registry.npmjs.org/sift/-/sift-13.5.2.tgz",
      "integrity": "sha512-+gxdEOMA2J+AI+fVsCqeNn7Tgx3M9ZN9jdi95939l1IJ8cZsqS8sqpJyOkic2SJk+1+98Uwryt/gL6XDaV+UZA=="
    },
    "sliced": {
      "version": "1.0.1",
      "resolved": "https://registry.npmjs.org/sliced/-/sliced-1.0.1.tgz",
      "integrity": "sha1-CzpmK10Ewxd7GSa+qCsD+Dei70E="
    },
    "sparse-bitfield": {
      "version": "3.0.3",
      "resolved": "https://registry.npmjs.org/sparse-bitfield/-/sparse-bitfield-3.0.3.tgz",
      "integrity": "sha1-/0rm5oZWBWuks+eSqzM004JzyhE=",
      "optional": true,
      "requires": {
        "memory-pager": "^1.0.2"
      }
    },
    "tr46": {
      "version": "2.1.0",
      "resolved": "https://registry.npmjs.org/tr46/-/tr46-2.1.0.tgz",
      "integrity": "sha512-15Ih7phfcdP5YxqiB+iDtLoaTz4Nd35+IiAv0kQ5FNKHzXgdWqPoTIqEDDJmXceQt4JZk6lVPT8lnDlPpGDppw==",
      "requires": {
        "punycode": "^2.1.1"
      }
    },
    "webidl-conversions": {
      "version": "6.1.0",
      "resolved": "https://registry.npmjs.org/webidl-conversions/-/webidl-conversions-6.1.0.tgz",
      "integrity": "sha512-qBIvFLGiBpLjfwmYAaHPXsn+ho5xZnGvyGvsarywGNc8VyQJUMHJ8OBKGGrPER0okBeMDaan4mNBlgBROxuI8w=="
    },
    "whatwg-url": {
      "version": "9.1.0",
      "resolved": "https://registry.npmjs.org/whatwg-url/-/whatwg-url-9.1.0.tgz",
      "integrity": "sha512-CQ0UcrPHyomtlOCot1TL77WyMIm/bCwrJ2D6AOKGwEczU9EpyoqAokfqrf/MioU9kHcMsmJZcg1egXix2KYEsA==",
      "requires": {
        "tr46": "^2.1.0",
        "webidl-conversions": "^6.1.0"
      }
    }
  }
}
