# THIS IS AN AUTOGENERATED FILE. DO NOT EDIT THIS FILE DIRECTLY.
# yarn lockfile v1


"@hapi/accept@^3.2.4":
  version "3.2.4"
  resolved "https://registry.yarnpkg.com/@hapi/accept/-/accept-3.2.4.tgz#687510529493fe1d7d47954c31aff360d9364bd1"
  integrity sha512-soThGB+QMgfxlh0Vzhzlf3ZOEOPk5biEwcOXhkF0Eedqx8VnhGiggL9UYHrIsOb1rUg3Be3K8kp0iDL2wbVSOQ==
  dependencies:
    "@hapi/boom" "7.x.x"
    "@hapi/hoek" "8.x.x"

"@hapi/address@2.x.x", "@hapi/address@^2.1.2":
  version "2.1.4"
  resolved "https://registry.yarnpkg.com/@hapi/address/-/address-2.1.4.tgz#5d67ed43f3fd41a69d4b9ff7b56e7c0d1d0a81e5"
  integrity sha512-QD1PhQk+s31P1ixsX0H0Suoupp3VMXzIVMSwobR3F3MSUO2YCV0B7xqLcUw/Bh8yuvd3LhpyqLQWTNcRmp6IdQ==

"@hapi/ammo@^3.1.2":
  version "3.1.2"
  resolved "https://registry.yarnpkg.com/@hapi/ammo/-/ammo-3.1.2.tgz#a9edf5d48d99b75fdcd7ab3dabf9059942a06961"
  integrity sha512-ej9OtFmiZv1qr45g1bxEZNGyaR4jRpyMxU6VhbxjaYThymvOwsyIsUKMZnP5Qw2tfYFuwqCJuIBHGpeIbdX9gQ==
  dependencies:
    "@hapi/hoek" "8.x.x"

"@hapi/b64@4.x.x":
  version "4.2.1"
  resolved "https://registry.yarnpkg.com/@hapi/b64/-/b64-4.2.1.tgz#bf8418d7907c5e73463f2e3b5c6fca7e9f2a1357"
  integrity sha512-zqHpQuH5CBMw6hADzKfU/IGNrxq1Q+/wTYV+OiZRQN9F3tMyk+9BUMeBvFRMamduuqL8iSp62QAnJ+7ATiYLWA==
  dependencies:
    "@hapi/hoek" "8.x.x"

"@hapi/boom@7.x.x":
  version "7.4.11"
  resolved "https://registry.yarnpkg.com/@hapi/boom/-/boom-7.4.11.tgz#37af8417eb9416aef3367aa60fa04a1a9f1fc262"
  integrity sha512-VSU/Cnj1DXouukYxxkes4nNJonCnlogHvIff1v1RVoN4xzkKhMXX+GRmb3NyH1iar10I9WFPDv2JPwfH3GaV0A==
  dependencies:
    "@hapi/hoek" "8.x.x"

"@hapi/bounce@1.x.x":
  version "1.3.2"
  resolved "https://registry.yarnpkg.com/@hapi/bounce/-/bounce-1.3.2.tgz#3b096bb02f67de6115e6e4f0debc390be5a86bad"
  integrity sha512-3bnb1AlcEByFZnpDIidxQyw1Gds81z/1rSqlx4bIEE+wUN0ATj0D49B5cE1wGocy90Rp/de4tv7GjsKd5RQeew==
  dependencies:
    "@hapi/boom" "7.x.x"
    "@hapi/hoek" "^8.3.1"

"@hapi/bourne@1.x.x":
  version "1.3.2"
  resolved "https://registry.yarnpkg.com/@hapi/bourne/-/bourne-1.3.2.tgz#0a7095adea067243ce3283e1b56b8a8f453b242a"
  integrity sha512-1dVNHT76Uu5N3eJNTYcvxee+jzX4Z9lfciqRRHCU27ihbUcYi+iSc2iml5Ke1LXe1SyJCLA0+14Jh4tXJgOppA==

"@hapi/call@^5.1.3":
  version "5.1.3"
  resolved "https://registry.yarnpkg.com/@hapi/call/-/call-5.1.3.tgz#217af45e3bc3d38b03aa5c9edfe1be939eee3741"
  integrity sha512-5DfWpMk7qZiYhvBhM5oUiT4GQ/O8a2rFR121/PdwA/eZ2C1EsuD547ZggMKAR5bZ+FtxOf0fdM20zzcXzq2mZA==
  dependencies:
    "@hapi/boom" "7.x.x"
    "@hapi/hoek" "8.x.x"

"@hapi/catbox-memory@4.x.x":
  version "4.1.1"
  resolved "https://registry.yarnpkg.com/@hapi/catbox-memory/-/catbox-memory-4.1.1.tgz#263a6f3361f7a200552c5772c98a8e80a1da712f"
  integrity sha512-T6Hdy8DExzG0jY7C8yYWZB4XHfc0v+p1EGkwxl2HoaPYAmW7I3E59M/IvmSVpis8RPcIoBp41ZpO2aZPBpM2Ww==
  dependencies:
    "@hapi/boom" "7.x.x"
    "@hapi/hoek" "8.x.x"

"@hapi/catbox@10.x.x":
  version "10.2.3"
  resolved "https://registry.yarnpkg.com/@hapi/catbox/-/catbox-10.2.3.tgz#2df51ab943d7613df3718fa2bfd981dd9558cec5"
  integrity sha512-kN9hXO4NYyOHW09CXiuj5qW1syc/0XeVOBsNNk0Tz89wWNQE5h21WF+VsfAw3uFR8swn/Wj3YEVBnWqo82m/JQ==
  dependencies:
    "@hapi/boom" "7.x.x"
    "@hapi/hoek" "8.x.x"
    "@hapi/joi" "16.x.x"
    "@hapi/podium" "3.x.x"

"@hapi/content@^4.1.1":
  version "4.1.1"
  resolved "https://registry.yarnpkg.com/@hapi/content/-/content-4.1.1.tgz#179673d1e2b7eb36c564d8f9605d019bd2252cbf"
  integrity sha512-3TWvmwpVPxFSF3KBjKZ8yDqIKKZZIm7VurDSweYpXYENZrJH3C1hd1+qEQW9wQaUaI76pPBLGrXl6I3B7i3ipA==
  dependencies:
    "@hapi/boom" "7.x.x"

"@hapi/cryptiles@4.x.x":
  version "4.2.1"
  resolved "https://registry.yarnpkg.com/@hapi/cryptiles/-/cryptiles-4.2.1.tgz#ff0f18d79074659838caedbb911851313ad1ffbc"
  integrity sha512-XoqgKsHK0l/VpqPs+tr6j6vE+VQ3+2bkF2stvttmc7xAOf1oSAwHcJ0tlp/6MxMysktt1IEY0Csy3khKaP9/uQ==
  dependencies:
    "@hapi/boom" "7.x.x"

"@hapi/file@1.x.x":
  version "1.0.0"
  resolved "https://registry.yarnpkg.com/@hapi/file/-/file-1.0.0.tgz#c91c39fd04db8bed5af82d2e032e7a4e65555b38"
  integrity sha512-Bsfp/+1Gyf70eGtnIgmScvrH8sSypO3TcK3Zf0QdHnzn/ACnAkI6KLtGACmNRPEzzIy+W7aJX5E+1fc9GwIABQ==

"@hapi/formula@^1.2.0":
  version "1.2.0"
  resolved "https://registry.yarnpkg.com/@hapi/formula/-/formula-1.2.0.tgz#994649c7fea1a90b91a0a1e6d983523f680e10cd"
  integrity sha512-UFbtbGPjstz0eWHb+ga/GM3Z9EzqKXFWIbSOFURU0A/Gku0Bky4bCk9/h//K2Xr3IrCfjFNhMm4jyZ5dbCewGA==

"@hapi/hapi@^18.4.0":
  version "18.4.1"
  resolved "https://registry.yarnpkg.com/@hapi/hapi/-/hapi-18.4.1.tgz#023fbc131074b1cb2cd7f6766d65f4b0e92df788"
  integrity sha512-9HjVGa0Z4Qv9jk9AVoUdJMQLA+KuZ+liKWyEEkVBx3e3H1F0JM6aGbPkY9jRfwsITBWGBU2iXazn65SFKSi/tg==
  dependencies:
    "@hapi/accept" "^3.2.4"
    "@hapi/ammo" "^3.1.2"
    "@hapi/boom" "7.x.x"
    "@hapi/bounce" "1.x.x"
    "@hapi/call" "^5.1.3"
    "@hapi/catbox" "10.x.x"
    "@hapi/catbox-memory" "4.x.x"
    "@hapi/heavy" "6.x.x"
    "@hapi/hoek" "8.x.x"
    "@hapi/joi" "15.x.x"
    "@hapi/mimos" "4.x.x"
    "@hapi/podium" "3.x.x"
    "@hapi/shot" "4.x.x"
    "@hapi/somever" "2.x.x"
    "@hapi/statehood" "6.x.x"
    "@hapi/subtext" "^6.1.3"
    "@hapi/teamwork" "3.x.x"
    "@hapi/topo" "3.x.x"

"@hapi/heavy@6.x.x":
  version "6.2.2"
  resolved "https://registry.yarnpkg.com/@hapi/heavy/-/heavy-6.2.2.tgz#d42a282c62d5bb6332e497d8ce9ba52f1609f3e6"
  integrity sha512-PY1dCCO6dsze7RlafIRhTaGeyTgVe49A/lSkxbhKGjQ7x46o/OFf7hLiRqTCDh3atcEKf6362EaB3+kTUbCsVA==
  dependencies:
    "@hapi/boom" "7.x.x"
    "@hapi/hoek" "8.x.x"
    "@hapi/joi" "16.x.x"

"@hapi/hoek@8.x.x", "@hapi/hoek@^8.2.4", "@hapi/hoek@^8.3.0", "@hapi/hoek@^8.3.1":
  version "8.5.1"
  resolved "https://registry.yarnpkg.com/@hapi/hoek/-/hoek-8.5.1.tgz#fde96064ca446dec8c55a8c2f130957b070c6e06"
  integrity sha512-yN7kbciD87WzLGc5539Tn0sApjyiGHAJgKvG9W8C7O+6c7qmoQMfVs0W4bX17eqz6C78QJqqFrtgdK5EWf6Qow==

"@hapi/iron@5.x.x":
  version "5.1.4"
  resolved "https://registry.yarnpkg.com/@hapi/iron/-/iron-5.1.4.tgz#7406f36847f798f52b92d1d97f855e27973832b7"
  integrity sha512-+ElC+OCiwWLjlJBmm8ZEWjlfzTMQTdgPnU/TsoU5QsktspIWmWi9IU4kU83nH+X/SSya8TP8h8P11Wr5L7dkQQ==
  dependencies:
    "@hapi/b64" "4.x.x"
    "@hapi/boom" "7.x.x"
    "@hapi/bourne" "1.x.x"
    "@hapi/cryptiles" "4.x.x"
    "@hapi/hoek" "8.x.x"

"@hapi/joi@15.x.x":
  version "15.1.1"
  resolved "https://registry.yarnpkg.com/@hapi/joi/-/joi-15.1.1.tgz#c675b8a71296f02833f8d6d243b34c57b8ce19d7"
  integrity sha512-entf8ZMOK8sc+8YfeOlM8pCfg3b5+WZIKBfUaaJT8UsjAAPjartzxIYm3TIbjvA4u+u++KbcXD38k682nVHDAQ==
  dependencies:
    "@hapi/address" "2.x.x"
    "@hapi/bourne" "1.x.x"
    "@hapi/hoek" "8.x.x"
    "@hapi/topo" "3.x.x"

"@hapi/joi@16.x.x":
  version "16.1.8"
  resolved "https://registry.yarnpkg.com/@hapi/joi/-/joi-16.1.8.tgz#84c1f126269489871ad4e2decc786e0adef06839"
  integrity sha512-wAsVvTPe+FwSrsAurNt5vkg3zo+TblvC5Bb1zMVK6SJzZqw9UrJnexxR+76cpePmtUZKHAPxcQ2Bf7oVHyahhg==
  dependencies:
    "@hapi/address" "^2.1.2"
    "@hapi/formula" "^1.2.0"
    "@hapi/hoek" "^8.2.4"
    "@hapi/pinpoint" "^1.0.2"
    "@hapi/topo" "^3.1.3"

"@hapi/mimos@4.x.x":
  version "4.1.1"
  resolved "https://registry.yarnpkg.com/@hapi/mimos/-/mimos-4.1.1.tgz#4dab8ed5c64df0603c204c725963a5faa4687e8a"
  integrity sha512-CXoi/zfcTWfKYX756eEea8rXJRIb9sR4d7VwyAH9d3BkDyNgAesZxvqIdm55npQc6S9mU3FExinMAQVlIkz0eA==
  dependencies:
    "@hapi/hoek" "8.x.x"
    mime-db "1.x.x"

"@hapi/nigel@3.x.x":
  version "3.1.1"
  resolved "https://registry.yarnpkg.com/@hapi/nigel/-/nigel-3.1.1.tgz#84794021c9ee6e48e854fea9fb76e9f7e78c99ad"
  integrity sha512-R9YWx4S8yu0gcCBrMUDCiEFm1SQT895dMlYoeNBp8I6YhF1BFF1iYPueKA2Kkp9BvyHdjmvrxCOns7GMmpl+Fw==
  dependencies:
    "@hapi/hoek" "8.x.x"
    "@hapi/vise" "3.x.x"

"@hapi/pez@^4.1.2":
  version "4.1.2"
  resolved "https://registry.yarnpkg.com/@hapi/pez/-/pez-4.1.2.tgz#14984d0c31fed348f10c962968a21d9761f55503"
  integrity sha512-8zSdJ8cZrJLFldTgwjU9Fb1JebID+aBCrCsycgqKYe0OZtM2r3Yv3aAwW5z97VsZWCROC1Vx6Mdn4rujh5Ktcg==
  dependencies:
    "@hapi/b64" "4.x.x"
    "@hapi/boom" "7.x.x"
    "@hapi/content" "^4.1.1"
    "@hapi/hoek" "8.x.x"
    "@hapi/nigel" "3.x.x"

"@hapi/pinpoint@^1.0.2":
  version "1.0.2"
  resolved "https://registry.yarnpkg.com/@hapi/pinpoint/-/pinpoint-1.0.2.tgz#025b7a36dbbf4d35bf1acd071c26b20ef41e0d13"
  integrity sha512-dtXC/WkZBfC5vxscazuiJ6iq4j9oNx1SHknmIr8hofarpKUZKmlUVYVIhNVzIEgK5Wrc4GMHL5lZtt1uS2flmQ==

"@hapi/podium@3.x.x":
  version "3.4.3"
  resolved "https://registry.yarnpkg.com/@hapi/podium/-/podium-3.4.3.tgz#d28935870ae1372e2f983a7161e710c968a60de1"
  integrity sha512-QJlnYLEYZWlKQ9fSOtuUcpANyoVGwT68GA9P0iQQCAetBK0fI+nbRBt58+aMixoifczWZUthuGkNjqKxgPh/CQ==
  dependencies:
    "@hapi/hoek" "8.x.x"
    "@hapi/joi" "16.x.x"

"@hapi/shot@4.x.x":
  version "4.1.2"
  resolved "https://registry.yarnpkg.com/@hapi/shot/-/shot-4.1.2.tgz#69f999956041fe468701a89a413175a521dabed5"
  integrity sha512-6LeHLjvsq/bQ0R+fhEyr7mqExRGguNTrxFZf5DyKe3CK6pNabiGgYO4JVFaRrLZ3JyuhkS0fo8iiRE2Ql2oA/A==
  dependencies:
    "@hapi/hoek" "8.x.x"
    "@hapi/joi" "16.x.x"

"@hapi/somever@2.x.x":
  version "2.1.1"
  resolved "https://registry.yarnpkg.com/@hapi/somever/-/somever-2.1.1.tgz#142bddf7cc4d829f678ed4e60618630a9a7ae845"
  integrity sha512-cic5Sto4KGd9B0oQSdKTokju+rYhCbdpzbMb0EBnrH5Oc1z048hY8PaZ1lx2vBD7I/XIfTQVQetBH57fU51XRA==
  dependencies:
    "@hapi/bounce" "1.x.x"
    "@hapi/hoek" "8.x.x"

"@hapi/statehood@6.x.x":
  version "6.1.2"
  resolved "https://registry.yarnpkg.com/@hapi/statehood/-/statehood-6.1.2.tgz#6dda508b5da99a28a3ed295c3cac795cf6c12a02"
  integrity sha512-pYXw1x6npz/UfmtcpUhuMvdK5kuOGTKcJNfLqdNptzietK2UZH5RzNJSlv5bDHeSmordFM3kGItcuQWX2lj2nQ==
  dependencies:
    "@hapi/boom" "7.x.x"
    "@hapi/bounce" "1.x.x"
    "@hapi/bourne" "1.x.x"
    "@hapi/cryptiles" "4.x.x"
    "@hapi/hoek" "8.x.x"
    "@hapi/iron" "5.x.x"
    "@hapi/joi" "16.x.x"

"@hapi/subtext@^6.1.3":
  version "6.1.3"
  resolved "https://registry.yarnpkg.com/@hapi/subtext/-/subtext-6.1.3.tgz#bbd07771ae2a4e73ac360c93ed74ac641718b9c6"
  integrity sha512-qWN6NbiHNzohVcJMeAlpku/vzbyH4zIpnnMPMPioQMwIxbPFKeNViDCNI6fVBbMPBiw/xB4FjqiJkRG5P9eWWg==
  dependencies:
    "@hapi/boom" "7.x.x"
    "@hapi/bourne" "1.x.x"
    "@hapi/content" "^4.1.1"
    "@hapi/file" "1.x.x"
    "@hapi/hoek" "8.x.x"
    "@hapi/pez" "^4.1.2"
    "@hapi/wreck" "15.x.x"

"@hapi/teamwork@3.x.x":
  version "3.3.1"
  resolved "https://registry.yarnpkg.com/@hapi/teamwork/-/teamwork-3.3.1.tgz#b52d0ec48682dc793926bd432e22ceb19c915d3f"
  integrity sha512-61tiqWCYvMKP7fCTXy0M4VE6uNIwA0qvgFoiDubgfj7uqJ0fdHJFQNnVPGrxhLWlwz0uBPWrQlBH7r8y9vFITQ==

"@hapi/topo@3.x.x", "@hapi/topo@^3.1.3":
  version "3.1.6"
  resolved "https://registry.yarnpkg.com/@hapi/topo/-/topo-3.1.6.tgz#68d935fa3eae7fdd5ab0d7f953f3205d8b2bfc29"
  integrity sha512-tAag0jEcjwH+P2quUfipd7liWCNX2F8NvYjQp2wtInsZxnMlypdw0FtAOLxtvvkO+GSRRbmNi8m/5y42PQJYCQ==
  dependencies:
    "@hapi/hoek" "^8.3.0"

"@hapi/vise@3.x.x":
  version "3.1.1"
  resolved "https://registry.yarnpkg.com/@hapi/vise/-/vise-3.1.1.tgz#dfc88f2ac90682f48bdc1b3f9b8f1eab4eabe0c8"
  integrity sha512-OXarbiCSadvtg+bSdVPqu31Z1JoBL+FwNYz3cYoBKQ5xq1/Cr4A3IkGpAZbAuxU5y4NL5pZFZG3d2a3ZGm/dOQ==
  dependencies:
    "@hapi/hoek" "8.x.x"

"@hapi/wreck@15.x.x":
  version "15.1.0"
  resolved "https://registry.yarnpkg.com/@hapi/wreck/-/wreck-15.1.0.tgz#7917cd25950ce9b023f7fd2bea6e2ef72c71e59d"
  integrity sha512-tQczYRTTeYBmvhsek/D49En/5khcShaBEmzrAaDjMrFXKJRuF8xA8+tlq1ETLBFwGd6Do6g2OC74rt11kzawzg==
  dependencies:
    "@hapi/boom" "7.x.x"
    "@hapi/bourne" "1.x.x"
    "@hapi/hoek" "8.x.x"

"@mongodb-js/saslprep@^1.1.5":
  version "1.1.9"
  resolved "https://registry.yarnpkg.com/@mongodb-js/saslprep/-/saslprep-1.1.9.tgz#e974bab8eca9faa88677d4ea4da8d09a52069004"
  integrity sha512-tVkljjeEaAhCqTzajSdgbQ6gE6f3oneVwa3iXR6csiEwXXOFsiC6Uh9iAjAhXPtqa/XMDHWjjeNH/77m/Yq2dw==
  dependencies:
    sparse-bitfield "^3.0.3"

"@types/webidl-conversions@*":
  version "7.0.3"
  resolved "https://registry.yarnpkg.com/@types/webidl-conversions/-/webidl-conversions-7.0.3.tgz#1306dbfa53768bcbcfc95a1c8cde367975581859"
  integrity sha512-CiJJvcRtIgzadHCYXw7dqEnMNRjhGZlYK05Mj9OyktqV8uVT8fD2BFOB7S1uwBE3Kj2Z+4UyPmFw/Ixgw/LAlA==

"@types/whatwg-url@^11.0.2":
  version "11.0.5"
  resolved "https://registry.yarnpkg.com/@types/whatwg-url/-/whatwg-url-11.0.5.tgz#aaa2546e60f0c99209ca13360c32c78caf2c409f"
  integrity sha512-coYR071JRaHa+xoEvvYqvnIHaVqaYrLPbsufM9BF63HkwI5Lgmy2QR8Q5K/lYDYo5AK82wOvSOS0UsLTpTG7uQ==
  dependencies:
    "@types/webidl-conversions" "*"

bson@^6.7.0:
  version "6.8.0"
  resolved "https://registry.yarnpkg.com/bson/-/bson-6.8.0.tgz#5063c41ba2437c2b8ff851b50d9e36cb7aaa7525"
  integrity sha512-iOJg8pr7wq2tg/zSlCCHMi3hMm5JTOxLTagf3zxhcenHsFp+c6uOs6K7W5UE7A4QIJGtqh/ZovFNMP4mOPJynQ==

debug@4.x:
  version "4.3.7"
  resolved "https://registry.yarnpkg.com/debug/-/debug-4.3.7.tgz#87945b4151a011d76d95a198d7111c865c360a52"
  integrity sha512-Er2nc/H7RrMXZBFCEim6TCmMk02Z8vLC2Rbi1KEBggpo0fS6l0S1nnapwmIi3yW/+GOJap1Krg4w0Hg80oCqgQ==
  dependencies:
    ms "^2.1.3"

kareem@2.6.3:
  version "2.6.3"
  resolved "https://registry.yarnpkg.com/kareem/-/kareem-2.6.3.tgz#23168ec8ffb6c1abfd31b7169a6fb1dd285992ac"
  integrity sha512-C3iHfuGUXK2u8/ipq9LfjFfXFxAZMQJJq7vLS45r3D9Y2xQ/m4S8zaR4zMLFWh9AsNPXmcFfUDhTEO8UIC/V6Q==

memory-pager@^1.0.2:
  version "1.5.0"
  resolved "https://registry.yarnpkg.com/memory-pager/-/memory-pager-1.5.0.tgz#d8751655d22d384682741c972f2c3d6dfa3e66b5"
  integrity sha512-ZS4Bp4r/Zoeq6+NLJpP+0Zzm0pR8whtGPf1XExKLJBAczGMnSi3It14OiNCStjQjM6NU1okjQGSxgEZN8eBYKg==

mime-db@1.x.x:
  version "1.25.0"
  resolved "https://registry.yarnpkg.com/mime-db/-/mime-db-1.25.0.tgz#c18dbd7c73a5dbf6f44a024dc0d165a1e7b1c392"

mongodb-connection-string-url@^3.0.0:
  version "3.0.1"
  resolved "https://registry.yarnpkg.com/mongodb-connection-string-url/-/mongodb-connection-string-url-3.0.1.tgz#c13e6ac284ae401752ebafdb8cd7f16c6723b141"
  integrity sha512-XqMGwRX0Lgn05TDB4PyG2h2kKO/FfWJyCzYQbIhXUxz7ETt0I/FqHjUeqj37irJ+Dl1ZtU82uYyj14u2XsZKfg==
  dependencies:
    "@types/whatwg-url" "^11.0.2"
    whatwg-url "^13.0.0"

mongodb@6.9.0:
  version "6.9.0"
  resolved "https://registry.yarnpkg.com/mongodb/-/mongodb-6.9.0.tgz#743ebfff6b3c14b04ac6e00a55e30d4127d3016d"
  integrity sha512-UMopBVx1LmEUbW/QE0Hw18u583PEDVQmUmVzzBRH0o/xtE9DBRA5ZYLOjpLIa03i8FXjzvQECJcqoMvCXftTUA==
  dependencies:
    "@mongodb-js/saslprep" "^1.1.5"
    bson "^6.7.0"
    mongodb-connection-string-url "^3.0.0"

mongoose@^8.0.0:
  version "8.7.0"
  resolved "https://registry.yarnpkg.com/mongoose/-/mongoose-8.7.0.tgz#0f5377a4c3099702a5a00f5dccde2a092ca1c3b0"
  integrity sha512-rUCSF1mMYQXjXYdqEQLLlMD3xbcj2j1/hRn+9VnVj7ipzru/UoUZxlj/hWmteKMAh4EFnDZ+BIrmma9l/0Hi1g==
  dependencies:
    bson "^6.7.0"
    kareem "2.6.3"
    mongodb "6.9.0"
    mpath "0.9.0"
    mquery "5.0.0"
    ms "2.1.3"
    sift "17.1.3"

mpath@0.9.0:
  version "0.9.0"
  resolved "https://registry.yarnpkg.com/mpath/-/mpath-0.9.0.tgz#0c122fe107846e31fc58c75b09c35514b3871904"
  integrity sha512-ikJRQTk8hw5DEoFVxHG1Gn9T/xcjtdnOKIU1JTmGjZZlg9LST2mBLmcX3/ICIbgJydT2GOc15RnNy5mHmzfSew==

mquery@5.0.0:
  version "5.0.0"
  resolved "https://registry.yarnpkg.com/mquery/-/mquery-5.0.0.tgz#a95be5dfc610b23862df34a47d3e5d60e110695d"
  integrity sha512-iQMncpmEK8R8ncT8HJGsGc9Dsp8xcgYMVSbs5jgnm1lFHTZqMJTUWTDx1LBO8+mK3tPNZWFLBghQEIOULSTHZg==
  dependencies:
    debug "4.x"

ms@2.1.3, ms@^2.1.3:
  version "2.1.3"
  resolved "https://registry.yarnpkg.com/ms/-/ms-2.1.3.tgz#574c8138ce1d2b5861f0b44579dbadd60c6615b2"
  integrity sha512-6FlzubTLZG3J2a/NVCAleEhjzq5oxgHyaCU9yYXvcLsvoVaHJq/s5xXI6/XXP6tz7R9xAOtHnSO/tXtF3WRTlA==

punycode@^2.3.0:
  version "2.3.1"
  resolved "https://registry.yarnpkg.com/punycode/-/punycode-2.3.1.tgz#027422e2faec0b25e1549c3e1bd8309b9133b6e5"
  integrity sha512-vYt7UD1U9Wg6138shLtLOvdAu+8DsC/ilFtEVHcH+wydcSpNE20AfSOduf6MkRFahL5FY7X1oU7nKVZFtfq8Fg==

sift@17.1.3:
  version "17.1.3"
  resolved "https://registry.yarnpkg.com/sift/-/sift-17.1.3.tgz#9d2000d4d41586880b0079b5183d839c7a142bf7"
  integrity sha512-Rtlj66/b0ICeFzYTuNvX/EF1igRbbnGSvEyT79McoZa/DeGhMyC5pWKOEsZKnpkqtSeovd5FL/bjHWC3CIIvCQ==

sparse-bitfield@^3.0.3:
  version "3.0.3"
  resolved "https://registry.yarnpkg.com/sparse-bitfield/-/sparse-bitfield-3.0.3.tgz#ff4ae6e68656056ba4b3e792ab3334d38273ca11"
  integrity sha512-kvzhi7vqKTfkh0PZU+2D2PIllw2ymqJKujUcyPMd9Y75Nv4nPbGJZXNhxsgdQab2BmlDct1YnfQCguEvHr7VsQ==
  dependencies:
    memory-pager "^1.0.2"

tr46@^4.1.1:
  version "4.1.1"
  resolved "https://registry.yarnpkg.com/tr46/-/tr46-4.1.1.tgz#281a758dcc82aeb4fe38c7dfe4d11a395aac8469"
  integrity sha512-2lv/66T7e5yNyhAAC4NaKe5nVavzuGJQVVtRYLyQ2OI8tsJ61PMLlelehb0wi2Hx6+hT/OJUWZcw8MjlSRnxvw==
  dependencies:
    punycode "^2.3.0"

webidl-conversions@^7.0.0:
  version "7.0.0"
  resolved "https://registry.yarnpkg.com/webidl-conversions/-/webidl-conversions-7.0.0.tgz#256b4e1882be7debbf01d05f0aa2039778ea080a"
  integrity sha512-VwddBukDzu71offAQR975unBIGqfKZpM+8ZX6ySk8nYhVoo5CYaZyzt3YBvYtRtO+aoGlqxPg/B87NGVZ/fu6g==

whatwg-url@^13.0.0:
  version "13.0.0"
  resolved "https://registry.yarnpkg.com/whatwg-url/-/whatwg-url-13.0.0.tgz#b7b536aca48306394a34e44bda8e99f332410f8f"
  integrity sha512-9WWbymnqj57+XEuqADHrCJ2eSXzn8WXIW/YSGaZtb2WKAInQ6CHfaUUcTyyver0p8BDg5StLQq8h1vtZuwmOig==
  dependencies:
    tr46 "^4.1.1"
    webidl-conversions "^7.0.0"
