# THIS IS AN AUTOGENERATED FILE. DO NOT EDIT THIS FILE DIRECTLY.
# yarn lockfile v1


"@hapi/accept@^6.0.0":
  version "6.0.0"
  resolved "https://registry.npmjs.org/@hapi/accept/-/accept-6.0.0.tgz"
  integrity sha512-aG/Ml4kSBWCVmWvR8N8ULRuB385D8K/3OI7lquZQruH11eM7sHR5Nha30BbDzijJHtyV7Vwc6MlMwNfwb70ISg==
  dependencies:
    "@hapi/boom" "^10.0.0"
    "@hapi/hoek" "^10.0.0"

"@hapi/ammo@^6.0.0":
  version "6.0.0"
  resolved "https://registry.npmjs.org/@hapi/ammo/-/ammo-6.0.0.tgz"
  integrity sha512-lhX7SYtWScQaeAIL5XnE54WzyDgS5RXVeEtFEovyZcTdVzTYbo0nem56Bwko1PBcRxRUIw1v2tMb6sjFs6vEwg==
  dependencies:
    "@hapi/hoek" "^10.0.0"

"@hapi/b64@^6.0.0":
  version "6.0.0"
  resolved "https://registry.npmjs.org/@hapi/b64/-/b64-6.0.0.tgz"
  integrity sha512-Es6o4BtzvMmNF28KJGuwUzUtMjF6ToZ1hQt3UOjaXc6TNkRefel+NyQSjc9b5q3Re7xwv23r0xK3Vo3yreaJHQ==
  dependencies:
    "@hapi/hoek" "^10.0.0"

"@hapi/boom@^10.0.0":
  version "10.0.0"
  resolved "https://registry.npmjs.org/@hapi/boom/-/boom-10.0.0.tgz"
  integrity sha512-1YVs9tLHhypBqqinKQRqh7FUERIolarQApO37OWkzD+z6y6USi871Sv746zBPKcIOBuI6g6y4FrwX87mmJ90Gg==
  dependencies:
    "@hapi/hoek" "10.x.x"

"@hapi/bounce@^3.0.0":
  version "3.0.0"
  resolved "https://registry.npmjs.org/@hapi/bounce/-/bounce-3.0.0.tgz"
  integrity sha512-L0G4NcwwOYRhpcXeL76hNrLTUcObqtZMB3z4kcRVUZcR/w3v6C5Q1cTElV4/V7og1fG+wOyDR55UMFA+tWfhtA==
  dependencies:
    "@hapi/boom" "^10.0.0"
    "@hapi/hoek" "^10.0.0"

"@hapi/bourne@^3.0.0":
  version "3.0.0"
  resolved "https://registry.npmjs.org/@hapi/bourne/-/bourne-3.0.0.tgz"
  integrity sha512-Waj1cwPXJDucOib4a3bAISsKJVb15MKi9IvmTI/7ssVEm6sywXGjVJDhl6/umt1pK1ZS7PacXU3A1PmFKHEZ2w==

"@hapi/call@^9.0.0":
  version "9.0.0"
  resolved "https://registry.npmjs.org/@hapi/call/-/call-9.0.0.tgz"
  integrity sha512-Z6byqbEtKF3RIH2kWG6cX64RwEqHBWYEVkNoEx6oKvkPaTrC6WTPRgr+ANo9Xa8G1GXyvs/NCMTnn3Mdj12TSA==
  dependencies:
    "@hapi/boom" "^10.0.0"
    "@hapi/hoek" "^10.0.0"

"@hapi/catbox-memory@^6.0.0":
  version "6.0.0"
  resolved "https://registry.npmjs.org/@hapi/catbox-memory/-/catbox-memory-6.0.0.tgz"
  integrity sha512-A1O30g8GdaODx/GinytF6jFm772pdTPVWJe0cF2RiTOfhgIAAagzCcpBqRgQ8olLui0F5bzUF/SAi4BmkZ4yxA==
  dependencies:
    "@hapi/boom" "^10.0.0"
    "@hapi/hoek" "^10.0.0"

"@hapi/catbox@^12.0.0":
  version "12.1.0"
  resolved "https://registry.npmjs.org/@hapi/catbox/-/catbox-12.1.0.tgz"
  integrity sha512-60MCN5lgaXcuRTjMZqLR+DV0clS5RAFAwfYAQU2/na6PqrXHDRQcJwVMwP7jJayCrJm4POJlLDzZLuh1ba5XUg==
  dependencies:
    "@hapi/boom" "^10.0.0"
    "@hapi/hoek" "^10.0.0"
    "@hapi/podium" "^5.0.0"
    "@hapi/validate" "^2.0.0"

"@hapi/content@^6.0.0":
  version "6.0.0"
  resolved "https://registry.npmjs.org/@hapi/content/-/content-6.0.0.tgz"
  integrity sha512-CEhs7j+H0iQffKfe5Htdak5LBOz/Qc8TRh51cF+BFv0qnuph3Em4pjGVzJMkI2gfTDdlJKWJISGWS1rK34POGA==
  dependencies:
    "@hapi/boom" "^10.0.0"

"@hapi/cryptiles@^6.0.0":
  version "6.0.0"
  resolved "https://registry.npmjs.org/@hapi/cryptiles/-/cryptiles-6.0.0.tgz"
  integrity sha512-CUypQJI2F3HaKZjwlky3KyLu7p0O4WJXNJj+2AZ0czqwkwQIz8j+btOkzA3OMar8WTntnCrDx0f92PzxEK+JlA==
  dependencies:
    "@hapi/boom" "^10.0.0"

"@hapi/file@^3.0.0":
  version "3.0.0"
  resolved "https://registry.npmjs.org/@hapi/file/-/file-3.0.0.tgz"
  integrity sha512-w+lKW+yRrLhJu620jT3y+5g2mHqnKfepreykvdOcl9/6up8GrQQn+l3FRTsjHTKbkbfQFkuksHpdv2EcpKcJ4Q==

"@hapi/hapi@^21.0.0":
  version "21.0.0"
  resolved "https://registry.npmjs.org/@hapi/hapi/-/hapi-21.0.0.tgz"
  integrity sha512-gqGifa4X4nskhsmsgp3AwBq4LPIl7XOlnzpdWSogdc46Z4Hfy/WDjCcaO2yK84tQRmGSlg0nZowOfSCyeT0hRw==
  dependencies:
    "@hapi/accept" "^6.0.0"
    "@hapi/ammo" "^6.0.0"
    "@hapi/boom" "^10.0.0"
    "@hapi/bounce" "^3.0.0"
    "@hapi/call" "^9.0.0"
    "@hapi/catbox" "^12.0.0"
    "@hapi/catbox-memory" "^6.0.0"
    "@hapi/heavy" "^8.0.0"
    "@hapi/hoek" "^10.0.0"
    "@hapi/mimos" "^7.0.0"
    "@hapi/podium" "^5.0.0"
    "@hapi/shot" "^6.0.0"
    "@hapi/somever" "^4.1.0"
    "@hapi/statehood" "^8.0.0"
    "@hapi/subtext" "^8.0.0"
    "@hapi/teamwork" "^6.0.0"
    "@hapi/topo" "^6.0.0"
    "@hapi/validate" "^2.0.0"

"@hapi/heavy@^8.0.0":
  version "8.0.0"
  resolved "https://registry.npmjs.org/@hapi/heavy/-/heavy-8.0.0.tgz"
  integrity sha512-NpKo74mF66GSwYu31IZwp11/6NmaUYxHeMTKSky09XBs8fVbzQDP83856+l+Ji6wxGmUeg75itCu1ujvEF6mdA==
  dependencies:
    "@hapi/boom" "^10.0.0"
    "@hapi/hoek" "^10.0.0"
    "@hapi/validate" "^2.0.0"

"@hapi/hoek@10.x.x", "@hapi/hoek@^10.0.0":
  version "10.0.1"
  resolved "https://registry.npmjs.org/@hapi/hoek/-/hoek-10.0.1.tgz"
  integrity sha512-CvlW7jmOhWzuqOqiJQ3rQVLMcREh0eel4IBnxDx2FAcK8g7qoJRQK4L1CPBASoCY6y8e6zuCy3f2g+HWdkzcMw==

"@hapi/hoek@^9.0.0":
  version "9.3.0"
  resolved "https://registry.npmjs.org/@hapi/hoek/-/hoek-9.3.0.tgz"
  integrity sha512-/c6rf4UJlmHlC9b5BaNvzAcFv7HZ2QHaV0D4/HNlBdvFnvQq8RI4kYdhyPCl7Xj+oWvTWQ8ujhqS53LIgAe6KQ==

"@hapi/iron@^7.0.0":
  version "7.0.0"
  resolved "https://registry.npmjs.org/@hapi/iron/-/iron-7.0.0.tgz"
  integrity sha512-NNXJP5fpeiTCPj/4OJG2PWBjWC0/V5D8YggS9RZeuBbfUUuTYE6TbdGqLUsCzIpPI54I8W5dhwEGbRv1CnWQtw==
  dependencies:
    "@hapi/b64" "^6.0.0"
    "@hapi/boom" "^10.0.0"
    "@hapi/bourne" "^3.0.0"
    "@hapi/cryptiles" "^6.0.0"
    "@hapi/hoek" "^10.0.0"

"@hapi/mimos@^7.0.0":
  version "7.0.0"
  resolved "https://registry.npmjs.org/@hapi/mimos/-/mimos-7.0.0.tgz"
  integrity sha512-ALORTrZrrBPOUX05rW4htNajoekEjQtUi1PB+17/3xs/hkdQ+gSEFbs5GdJihA49qWf7td3v4PgnvOe8mcf/jQ==
  dependencies:
    "@hapi/hoek" "^10.0.0"
    mime-db "^1.52.0"

"@hapi/nigel@^5.0.0":
  version "5.0.0"
  resolved "https://registry.npmjs.org/@hapi/nigel/-/nigel-5.0.0.tgz"
  integrity sha512-I9eq43BnSdz1BkvMpG7mFL7J+SIfn6DLNThuxFpIOAMUnkWbPgtcFP+HHrBAeoFkowfgQrr02vsIAkAPml4hvw==
  dependencies:
    "@hapi/hoek" "^10.0.0"
    "@hapi/vise" "^5.0.0"

"@hapi/pez@^6.0.0":
  version "6.0.0"
  resolved "https://registry.npmjs.org/@hapi/pez/-/pez-6.0.0.tgz"
  integrity sha512-3bMmsvlqrVNqaNEe4JWLZVpJ40jXuQ3vDy1+fbhyJmuAdMCMCkWexsKc7fT+mu18pFIwJzlenjc4/VE3weTq7w==
  dependencies:
    "@hapi/b64" "^6.0.0"
    "@hapi/boom" "^10.0.0"
    "@hapi/content" "^6.0.0"
    "@hapi/hoek" "^10.0.0"
    "@hapi/nigel" "^5.0.0"

"@hapi/podium@^5.0.0":
  version "5.0.0"
  resolved "https://registry.npmjs.org/@hapi/podium/-/podium-5.0.0.tgz"
  integrity sha512-SbhFdu8LOIscMS82Zsoj9abcllAqbK4qBgznzJ9yr+vS2j1EomJTukkhxb76Lml0BHCd4Hn79F+3EQg06kcf8g==
  dependencies:
    "@hapi/hoek" "^10.0.0"
    "@hapi/teamwork" "^6.0.0"
    "@hapi/validate" "^2.0.0"

"@hapi/shot@^6.0.0":
  version "6.0.0"
  resolved "https://registry.npmjs.org/@hapi/shot/-/shot-6.0.0.tgz"
  integrity sha512-RLGgzXy9GciJDunhY40NbVnLgYqp5gfBooZ2fOkAr4KbCEav/SJtYQS1N+knR7WFGzy8aooCR3XBUPI4ghHAkQ==
  dependencies:
    "@hapi/hoek" "^10.0.0"
    "@hapi/validate" "^2.0.0"

"@hapi/somever@^4.1.0":
  version "4.1.0"
  resolved "https://registry.npmjs.org/@hapi/somever/-/somever-4.1.0.tgz"
  integrity sha512-koNBYu7Jdcb7gaC4VcnU78rFxSlsYwuElm6NMznE0EEeznzJtvLLmDZX0SPX8kXWC/E7ONlE29HF/yiSOgWG1Q==
  dependencies:
    "@hapi/bounce" "^3.0.0"
    "@hapi/hoek" "^9.0.0"

"@hapi/statehood@^8.0.0":
  version "8.0.0"
  resolved "https://registry.npmjs.org/@hapi/statehood/-/statehood-8.0.0.tgz"
  integrity sha512-umQTPID7BwmqAv9Rx7yLtbTNzsYg4va96aLqKneb3mlBQG32uq4iOQZ6luwBVACDFhqU3C3ewhznhukN09ZkZQ==
  dependencies:
    "@hapi/boom" "^10.0.0"
    "@hapi/bounce" "^3.0.0"
    "@hapi/bourne" "^3.0.0"
    "@hapi/cryptiles" "^6.0.0"
    "@hapi/hoek" "^10.0.0"
    "@hapi/iron" "^7.0.0"
    "@hapi/validate" "^2.0.0"

"@hapi/subtext@^8.0.0":
  version "8.0.0"
  resolved "https://registry.npmjs.org/@hapi/subtext/-/subtext-8.0.0.tgz"
  integrity sha512-fD+LY1U1SIUNHZJrNMIbuGl3CAd9JN8slljarFO4b8RrifkzjqbvdlZu/6iT6zlNM35GtDExf7hIepbUFUkT7A==
  dependencies:
    "@hapi/boom" "^10.0.0"
    "@hapi/bourne" "^3.0.0"
    "@hapi/content" "^6.0.0"
    "@hapi/file" "^3.0.0"
    "@hapi/hoek" "^10.0.0"
    "@hapi/pez" "^6.0.0"
    "@hapi/wreck" "^18.0.0"

"@hapi/teamwork@^6.0.0":
  version "6.0.0"
  resolved "https://registry.npmjs.org/@hapi/teamwork/-/teamwork-6.0.0.tgz"
  integrity sha512-05HumSy3LWfXpmJ9cr6HzwhAavrHkJ1ZRCmNE2qJMihdM5YcWreWPfyN0yKT2ZjCM92au3ZkuodjBxOibxM67A==

"@hapi/topo@^6.0.0":
  version "6.0.0"
  resolved "https://registry.npmjs.org/@hapi/topo/-/topo-6.0.0.tgz"
  integrity sha512-aorJvN1Q1n5xrZuA50Z4X6adI6VAM2NalIVm46ALL9LUvdoqhof3JPY69jdJH8asM3PsWr2SUVYzp57EqUP41A==
  dependencies:
    "@hapi/hoek" "^10.0.0"

"@hapi/validate@^2.0.0":
  version "2.0.0"
  resolved "https://registry.npmjs.org/@hapi/validate/-/validate-2.0.0.tgz"
  integrity sha512-w5m8MvBgqGndbMIB+AWmXTb8CLtF1DlIxbnbAHNAo7aFuNQuI1Ywc2e0zDLK5fbFXDoqRzNrHnC7JjNJ+hDigw==
  dependencies:
    "@hapi/hoek" "^10.0.0"
    "@hapi/topo" "^6.0.0"

"@hapi/vise@^5.0.0":
  version "5.0.0"
  resolved "https://registry.npmjs.org/@hapi/vise/-/vise-5.0.0.tgz"
  integrity sha512-bz/PA7DHIvsd/2eoW7t9WpU8+k9pofZHppYEn1mCTOVnC/cGN3hCEYaoAe6BpoeJM72iJDKZEOWvQvfgCrmzxA==
  dependencies:
    "@hapi/hoek" "^10.0.0"

"@hapi/wreck@^18.0.0":
  version "18.0.0"
  resolved "https://registry.npmjs.org/@hapi/wreck/-/wreck-18.0.0.tgz"
  integrity sha512-Yk9STxoM06Hjjq58cH0KFG91u9F2h9eVE72o8vUr3AfK80qt7I2POG5+cDGTEntbnvvzm0ERow2sjG3QsqCWUA==
  dependencies:
    "@hapi/boom" "^10.0.0"
    "@hapi/bourne" "^3.0.0"
    "@hapi/hoek" "^10.0.0"

bluebird@3.5.1:
  version "3.5.1"
  resolved "https://registry.npmjs.org/bluebird/-/bluebird-3.5.1.tgz"
  integrity sha512-MKiLiV+I1AA596t9w1sQJ8jkiSr5+ZKi0WKrYGUn6d1Fx+Ij4tIj+m2WMQSGczs5jZVxV339chE8iwk6F64wjA==

bson@^1.1.1, bson@~1.1.1:
  version "1.1.1"
  resolved "https://registry.npmjs.org/bson/-/bson-1.1.1.tgz"
  integrity sha512-jCGVYLoYMHDkOsbwJZBCqwMHyH4c+wzgI9hG7Z6SZJRXWr+x58pdIbm2i9a/jFGCkRJqRUr8eoI7lDWa0hTkxg==

debug@3.1.0:
  version "3.1.0"
  resolved "https://registry.npmjs.org/debug/-/debug-3.1.0.tgz"
  integrity sha512-OX8XqP7/1a9cqkxYw2yXss15f26NKWBpDXQd0/uK/KPqdQhxbPa994hnzjcE2VqQpDslf55723cKPUOGSmMY3g==
  dependencies:
    ms "2.0.0"

kareem@2.3.1:
  version "2.3.1"
  resolved "https://registry.npmjs.org/kareem/-/kareem-2.3.1.tgz"
  integrity sha512-l3hLhffs9zqoDe8zjmb/mAN4B8VT3L56EUvKNqLFVs9YlFA+zx7ke1DO8STAdDyYNkeSo1nKmjuvQeI12So8Xw==

mime-db@^1.52.0:
  version "1.52.0"
  resolved "https://registry.npmjs.org/mime-db/-/mime-db-1.52.0.tgz"
  integrity sha512-sPU4uV7dYlvtWJxwwxHD0PuihVNiE7TyAbQ5SWxDCB9mUYvOgroQOwYQQOKPJ8CIbE+1ETVlOoK1UC2nU3gYvg==

mongodb@3.3.2:
  version "3.3.2"
  resolved "https://registry.npmjs.org/mongodb/-/mongodb-3.3.2.tgz"
  integrity sha512-fqJt3iywelk4yKu/lfwQg163Bjpo5zDKhXiohycvon4iQHbrfflSAz9AIlRE6496Pm/dQKQK5bMigdVo2s6gBg==
  dependencies:
    bson "^1.1.1"
    require_optional "^1.0.1"
    safe-buffer "^5.1.2"

mongoose-legacy-pluralize@1.0.2:
  version "1.0.2"
  resolved "https://registry.npmjs.org/mongoose-legacy-pluralize/-/mongoose-legacy-pluralize-1.0.2.tgz"
  integrity sha512-Yo/7qQU4/EyIS8YDFSeenIvXxZN+ld7YdV9LqFVQJzTLye8unujAWPZ4NWKfFA+RNjh+wvTWKY9Z3E5XM6ZZiQ==

mongoose@^5.7.5:
  version "5.7.5"
  resolved "https://registry.npmjs.org/mongoose/-/mongoose-5.7.5.tgz"
  integrity sha512-BZ4FxtnbTurc/wcm/hLltLdI4IDxo4nsE0D9q58YymTdZwreNzwO62CcjVtaHhmr8HmJtOInp2W/T12FZaMf8g==
  dependencies:
    bson "~1.1.1"
    kareem "2.3.1"
    mongodb "3.3.2"
    mongoose-legacy-pluralize "1.0.2"
    mpath "0.6.0"
    mquery "3.2.2"
    ms "2.1.2"
    regexp-clone "1.0.0"
    safe-buffer "5.1.2"
    sift "7.0.1"
    sliced "1.0.1"

mpath@0.6.0:
  version "0.6.0"
  resolved "https://registry.npmjs.org/mpath/-/mpath-0.6.0.tgz"
  integrity sha512-i75qh79MJ5Xo/sbhxrDrPSEG0H/mr1kcZXJ8dH6URU5jD/knFxCVqVC/gVSW7GIXL/9hHWlT9haLbCXWOll3qw==

mquery@3.2.2:
  version "3.2.2"
  resolved "https://registry.npmjs.org/mquery/-/mquery-3.2.2.tgz"
  integrity sha512-XB52992COp0KP230I3qloVUbkLUxJIu328HBP2t2EsxSFtf4W1HPSOBWOXf1bqxK4Xbb66lfMJ+Bpfd9/yZE1Q==
  dependencies:
    bluebird "3.5.1"
    debug "3.1.0"
    regexp-clone "^1.0.0"
    safe-buffer "5.1.2"
    sliced "1.0.1"

ms@2.0.0:
  version "2.0.0"
  resolved "https://registry.npmjs.org/ms/-/ms-2.0.0.tgz"
  integrity sha1-VgiurfwAvmwpAd9fmGF4jeDVl8g=

ms@2.1.2:
  version "2.1.2"
  resolved "https://registry.npmjs.org/ms/-/ms-2.1.2.tgz"
  integrity sha512-sGkPx+VjMtmA6MX27oA4FBFELFCZZ4S4XqeGOXCv68tT+jb3vk/RyaKWP0PTKyWtmLSM0b+adUTEvbs1PEaH2w==

regexp-clone@1.0.0, regexp-clone@^1.0.0:
  version "1.0.0"
  resolved "https://registry.npmjs.org/regexp-clone/-/regexp-clone-1.0.0.tgz"
  integrity sha512-TuAasHQNamyyJ2hb97IuBEif4qBHGjPHBS64sZwytpLEqtBQ1gPJTnOaQ6qmpET16cK14kkjbazl6+p0RRv0yw==

require_optional@^1.0.1:
  version "1.0.1"
  resolved "https://registry.npmjs.org/require_optional/-/require_optional-1.0.1.tgz"
  integrity sha512-qhM/y57enGWHAe3v/NcwML6a3/vfESLe/sGM2dII+gEO0BpKRUkWZow/tyloNqJyN6kXSl3RyyM8Ll5D/sJP8g==
  dependencies:
    resolve-from "^2.0.0"
    semver "^5.1.0"

resolve-from@^2.0.0:
  version "2.0.0"
  resolved "https://registry.npmjs.org/resolve-from/-/resolve-from-2.0.0.tgz"
  integrity sha1-lICrIOlP+h2egKgEx+oUdhGWa1c=

safe-buffer@5.1.2, safe-buffer@^5.1.2:
  version "5.1.2"
  resolved "https://registry.npmjs.org/safe-buffer/-/safe-buffer-5.1.2.tgz"
  integrity sha512-Gd2UZBJDkXlY7GbJxfsE8/nvKkUEU1G38c1siN6QP6a9PT9MmHB8GnpscSmMJSoF8LOIrt8ud/wPtojys4G6+g==

semver@^5.1.0:
  version "5.7.1"
  resolved "https://registry.npmjs.org/semver/-/semver-5.7.1.tgz"
  integrity sha512-sauaDf/PZdVgrLTNYHRtpXa1iRiKcaebiKQ1BJdpQlWH2lCvexQdX55snPFyK7QzpudqbCI0qXFfOasHdyNDGQ==

sift@7.0.1:
  version "7.0.1"
  resolved "https://registry.npmjs.org/sift/-/sift-7.0.1.tgz"
  integrity sha512-oqD7PMJ+uO6jV9EQCl0LrRw1OwsiPsiFQR5AR30heR+4Dl7jBBbDLnNvWiak20tzZlSE1H7RB30SX/1j/YYT7g==

sliced@1.0.1:
  version "1.0.1"
  resolved "https://registry.npmjs.org/sliced/-/sliced-1.0.1.tgz"
  integrity sha1-CzpmK10Ewxd7GSa+qCsD+Dei70E=
